Microsoft Visual Studio Solution File, Format Version 12.00
# Visual Studio Version 17
VisualStudioVersion = 17.5.2.0
MinimumVisualStudioVersion = 10.0.40219.1
Project("{FAE04EC0-301F-11D3-BF4B-00C04F79EFBC}") = "IMocha Reflection", "IMocha Reflection.csproj", "{FBD66000-7C7B-7C48-6E3B-2A0C8AEADBF8}"
EndProject
Global
	GlobalSection(SolutionConfigurationPlatforms) = preSolution
		Debug|Any CPU = Debug|Any CPU
		Release|Any CPU = Release|Any CPU
	EndGlobalSection
	GlobalSection(ProjectConfigurationPlatforms) = postSolution
		{FBD66000-7C7B-7C48-6E3B-2A0C8AEADBF8}.Debug|Any CPU.ActiveCfg = Debug|Any CPU
		{FBD66000-7C7B-7C48-6E3B-2A0C8AEADBF8}.Debug|Any CPU.Build.0 = Debug|Any CPU
		{FBD66000-7C7B-7C48-6E3B-2A0C8AEADBF8}.Release|Any CPU.ActiveCfg = Release|Any CPU
		{FBD66000-7C7B-7C48-6E3B-2A0C8AEADBF8}.Release|Any CPU.Build.0 = Release|Any CPU
	EndGlobalSection
	GlobalSection(SolutionProperties) = preSolution
		HideSolutionNode = FALSE
	EndGlobalSection
	GlobalSection(ExtensibilityGlobals) = postSolution
		SolutionGuid = {2E9E3988-8DEB-4E67-B5B1-9B2747AA6798}
	EndGlobalSection
EndGlobal
