
Microsoft Visual Studio Solution File, Format Version 12.00
# Visual Studio Version 17
VisualStudioVersion = 17.5.2.0
MinimumVisualStudioVersion = 10.0.40219.1
Project("{FAE04EC0-301F-11D3-BF4B-00C04F79EFBC}") = "ProgramStu", "ProgramStu\ProgramStu.csproj", "{89BCD7ED-5AF9-062D-FA65-5B8FB6EDB269}"
EndProject
Project("{FAE04EC0-301F-11D3-BF4B-00C04F79EFBC}") = "ReflectionExeFinder", "ReflectionExeFinder\ReflectionExeFinder.csproj", "{1C8EB183-E854-83D1-366B-94D3F28DF5DF}"
EndProject
Global
	GlobalSection(SolutionConfigurationPlatforms) = preSolution
		Debug|Any CPU = Debug|Any CPU
		Debug|x64 = Debug|x64
		Debug|x86 = Debug|x86
		Release|Any CPU = Release|Any CPU
		Release|x64 = Release|x64
		Release|x86 = Release|x86
	EndGlobalSection
	GlobalSection(ProjectConfigurationPlatforms) = postSolution
		{89BCD7ED-5AF9-062D-FA65-5B8FB6EDB269}.Debug|Any CPU.ActiveCfg = Debug|Any CPU
		{89BCD7ED-5AF9-062D-FA65-5B8FB6EDB269}.Debug|Any CPU.Build.0 = Debug|Any CPU
		{89BCD7ED-5AF9-062D-FA65-5B8FB6EDB269}.Debug|x64.ActiveCfg = Debug|Any CPU
		{89BCD7ED-5AF9-062D-FA65-5B8FB6EDB269}.Debug|x64.Build.0 = Debug|Any CPU
		{89BCD7ED-5AF9-062D-FA65-5B8FB6EDB269}.Debug|x86.ActiveCfg = Debug|Any CPU
		{89BCD7ED-5AF9-062D-FA65-5B8FB6EDB269}.Debug|x86.Build.0 = Debug|Any CPU
		{89BCD7ED-5AF9-062D-FA65-5B8FB6EDB269}.Release|Any CPU.ActiveCfg = Release|Any CPU
		{89BCD7ED-5AF9-062D-FA65-5B8FB6EDB269}.Release|Any CPU.Build.0 = Release|Any CPU
		{89BCD7ED-5AF9-062D-FA65-5B8FB6EDB269}.Release|x64.ActiveCfg = Release|Any CPU
		{89BCD7ED-5AF9-062D-FA65-5B8FB6EDB269}.Release|x64.Build.0 = Release|Any CPU
		{89BCD7ED-5AF9-062D-FA65-5B8FB6EDB269}.Release|x86.ActiveCfg = Release|Any CPU
		{89BCD7ED-5AF9-062D-FA65-5B8FB6EDB269}.Release|x86.Build.0 = Release|Any CPU
		{1C8EB183-E854-83D1-366B-94D3F28DF5DF}.Debug|Any CPU.ActiveCfg = Debug|Any CPU
		{1C8EB183-E854-83D1-366B-94D3F28DF5DF}.Debug|Any CPU.Build.0 = Debug|Any CPU
		{1C8EB183-E854-83D1-366B-94D3F28DF5DF}.Debug|x64.ActiveCfg = Debug|Any CPU
		{1C8EB183-E854-83D1-366B-94D3F28DF5DF}.Debug|x64.Build.0 = Debug|Any CPU
		{1C8EB183-E854-83D1-366B-94D3F28DF5DF}.Debug|x86.ActiveCfg = Debug|Any CPU
		{1C8EB183-E854-83D1-366B-94D3F28DF5DF}.Debug|x86.Build.0 = Debug|Any CPU
		{1C8EB183-E854-83D1-366B-94D3F28DF5DF}.Release|Any CPU.ActiveCfg = Release|Any CPU
		{1C8EB183-E854-83D1-366B-94D3F28DF5DF}.Release|Any CPU.Build.0 = Release|Any CPU
		{1C8EB183-E854-83D1-366B-94D3F28DF5DF}.Release|x64.ActiveCfg = Release|Any CPU
		{1C8EB183-E854-83D1-366B-94D3F28DF5DF}.Release|x64.Build.0 = Release|Any CPU
		{1C8EB183-E854-83D1-366B-94D3F28DF5DF}.Release|x86.ActiveCfg = Release|Any CPU
		{1C8EB183-E854-83D1-366B-94D3F28DF5DF}.Release|x86.Build.0 = Release|Any CPU
	EndGlobalSection
	GlobalSection(SolutionProperties) = preSolution
		HideSolutionNode = FALSE
	EndGlobalSection
	GlobalSection(ExtensibilityGlobals) = postSolution
		SolutionGuid = {0EAAC468-300B-44D4-827A-CB0997831522}
	EndGlobalSection
EndGlobal
